
Microsoft Visual Studio Solution File, Format Version 12.00
# Visual Studio Version 17
VisualStudioVersion = 17.1.32328.378
MinimumVisualStudioVersion = 10.0.40219.1
Project("{FAE04EC0-301F-11D3-BF4B-00C04F79EFBC}") = "Sympsonera", "Sympsonera\Sympsonera.csproj", "{5D20C0B6-952C-4813-8E15-D1AC04E976C1}"
EndProject
Global
	GlobalSection(SolutionConfigurationPlatforms) = preSolution
		Debug|Any CPU = Debug|Any CPU
		Release|Any CPU = Release|Any CPU
	EndGlobalSection
	GlobalSection(ProjectConfigurationPlatforms) = postSolution
		{5D20C0B6-952C-4813-8E15-D1AC04E976C1}.Debug|Any CPU.ActiveCfg = Debug|Any CPU
		{5D20C0B6-952C-4813-8E15-D1AC04E976C1}.Debug|Any CPU.Build.0 = Debug|Any CPU
		{5D20C0B6-952C-4813-8E15-D1AC04E976C1}.Release|Any CPU.ActiveCfg = Release|Any CPU
		{5D20C0B6-952C-4813-8E15-D1AC04E976C1}.Release|Any CPU.Build.0 = Release|Any CPU
	EndGlobalSection
	GlobalSection(SolutionProperties) = preSolution
		HideSolutionNode = FALSE
	EndGlobalSection
	GlobalSection(ExtensibilityGlobals) = postSolution
		SolutionGuid = {BB2B5A11-BF69-47C0-BD6A-621B9E011B87}
	EndGlobalSection
EndGlobal
